
Microsoft Visual Studio Solution File, Format Version 12.00
# Visual Studio Version 16
VisualStudioVersion = 16.0.29728.190
MinimumVisualStudioVersion = 10.0.40219.1
Project("{9A19103F-16F7-4668-BE54-9A1E7A4F7556}") = "Mbc.Log4Tc.Dispatcher", "Mbc.Log4Tc.Dispatcher\Mbc.Log4Tc.Dispatcher.csproj", "{45FFB77C-1099-441A-9B1B-190ECFD0C2CA}"
EndProject
Project("{2150E333-8FDC-42A3-9474-1A3956D46DE8}") = "Build", "Build", "{3EBBCF4C-829A-4152-BA5B-25FC54CBB029}"
	ProjectSection(SolutionItems) = preProject
		.editorconfig = .editorconfig
		build.cake = build.cake
		Directory.Build.props = Directory.Build.props
		Mbc.CodeAnalysis.ruleset = Mbc.CodeAnalysis.ruleset
		NuGet.Config = NuGet.Config
		stylecop.json = stylecop.json
	EndProjectSection
EndProject
Project("{2150E333-8FDC-42A3-9474-1A3956D46DE8}") = "Docs", "Docs", "{9ABB4CA8-BB7E-4B55-A0AB-2405EAB3CE33}"
EndProject
Project("{9A19103F-16F7-4668-BE54-9A1E7A4F7556}") = "Mbc.Log4Tc.Model", "Mbc.Log4Tc.Model\Mbc.Log4Tc.Model.csproj", "{10B2CC59-59A4-447F-851D-9EFAB108BC31}"
EndProject
Project("{9A19103F-16F7-4668-BE54-9A1E7A4F7556}") = "Mbc.Log4Tc.Output.NLog", "Mbc.Log4Tc.Output.NLog\Mbc.Log4Tc.Output.NLog.csproj", "{11D6FFED-2E22-4FEA-84E9-5B5D7C033C52}"
EndProject
Project("{9A19103F-16F7-4668-BE54-9A1E7A4F7556}") = "Mbc.Log4Tc.Receiver", "Mbc.Log4Tc.Receiver\Mbc.Log4Tc.Receiver.csproj", "{3FCA04B0-94BC-4FA0-B276-E3ED15F6F364}"
EndProject
Project("{9A19103F-16F7-4668-BE54-9A1E7A4F7556}") = "Mbc.Log4Tc.Service", "Mbc.Log4Tc.Service\Mbc.Log4Tc.Service.csproj", "{8AE264C6-D1C4-4E15-AF26-3476C499A09F}"
	ProjectSection(ProjectDependencies) = postProject
		{D4B8963C-D5B1-42CC-B6D3-0FA0C790B17B} = {D4B8963C-D5B1-42CC-B6D3-0FA0C790B17B}
	EndProjectSection
EndProject
Project("{9A19103F-16F7-4668-BE54-9A1E7A4F7556}") = "Log4TcPrototype", "Log4TcPrototype\Log4TcPrototype.csproj", "{ED87D5FC-BB74-406A-A7D4-85B405DB26FB}"
EndProject
Project("{9A19103F-16F7-4668-BE54-9A1E7A4F7556}") = "Mbc.Log4Tc.Output", "Mbc.Log4Tc.Output\Mbc.Log4Tc.Output.csproj", "{CDFE52E4-C91C-4A64-85E9-94FDFC4C86E4}"
EndProject
Project("{9A19103F-16F7-4668-BE54-9A1E7A4F7556}") = "docfx", "..\..\docs\docfx.csproj", "{2B7B51BC-C10D-444D-B0D9-A0BE3B7E4101}"
EndProject
Project("{930C7802-8A8C-48F9-8165-68863BCCD9DD}") = "Mbc.Log4Tc.Setup", "Mbc.Log4Tc.Setup\Mbc.Log4Tc.Setup.wixproj", "{C00CA1F3-B410-4CF3-9027-91FD287BBE53}"
EndProject
Project("{9A19103F-16F7-4668-BE54-9A1E7A4F7556}") = "Mbc.Log4Tc.Output.NLog.Test", "Mbc.Log4Tc.Output.NLog.Test\Mbc.Log4Tc.Output.NLog.Test.csproj", "{185D47FD-72F3-4CD8-B69F-74DA8EDF5EB6}"
EndProject
Project("{9A19103F-16F7-4668-BE54-9A1E7A4F7556}") = "Mbc.Log4Tc.SmokeTest", "Mbc.Log4Tc.SmokeTest\Mbc.Log4Tc.SmokeTest.csproj", "{6A93045E-E5FB-4E49-BC4B-83276EFA2E2C}"
EndProject
Project("{9A19103F-16F7-4668-BE54-9A1E7A4F7556}") = "Mbc.Log4TcDispatcher.Test", "Mbc.Log4TcDispatcher.Test\Mbc.Log4TcDispatcher.Test.csproj", "{670E6F78-5E8D-4905-8C2A-91C359DF2AFB}"
EndProject
Project("{9A19103F-16F7-4668-BE54-9A1E7A4F7556}") = "Mbc.Log4Tc.Output.InfluxDb", "Mbc.Log4Tc.Output.InfluxDb\Mbc.Log4Tc.Output.InfluxDb.csproj", "{2F8CC832-BFD2-450D-95F4-95703E3AB225}"
EndProject
Project("{9A19103F-16F7-4668-BE54-9A1E7A4F7556}") = "Mbc.Log4Tc.Model.Test", "Mbc.Log4Tc.Model.Test\Mbc.Log4Tc.Model.Test.csproj", "{29973975-6693-423F-AFCC-FE2BC2578F58}"
EndProject
Project("{9A19103F-16F7-4668-BE54-9A1E7A4F7556}") = "Mbc.Log4Tc.Plugin", "Mbc.Log4Tc.Plugin\Mbc.Log4Tc.Plugin.csproj", "{874B2034-8BC5-4364-8249-1D0FF0AB6E91}"
EndProject
Project("{FAE04EC0-301F-11D3-BF4B-00C04F79EFBC}") = "Mbc.Log4Tc.Output.Graylog", "Mbc.Log4Tc.Output.Graylog\Mbc.Log4Tc.Output.Graylog.csproj", "{D4B8963C-D5B1-42CC-B6D3-0FA0C790B17B}"
EndProject
Project("{FAE04EC0-301F-11D3-BF4B-00C04F79EFBC}") = "Mbc.Log4Tc.Output.Graylog.Test", "Mbc.Log4Tc.Output.Graylog.Test\Mbc.Log4Tc.Output.Graylog.Test.csproj", "{BE8EFC1F-8D09-4CBF-AB79-A47C0019C8D1}"
EndProject
Global
	GlobalSection(SolutionConfigurationPlatforms) = preSolution
		Debug|Any CPU = Debug|Any CPU
		Debug|x64 = Debug|x64
		Debug|x86 = Debug|x86
		Release|Any CPU = Release|Any CPU
		Release|x64 = Release|x64
		Release|x86 = Release|x86
	EndGlobalSection
	GlobalSection(ProjectConfigurationPlatforms) = postSolution
		{45FFB77C-1099-441A-9B1B-190ECFD0C2CA}.Debug|Any CPU.ActiveCfg = Debug|Any CPU
		{45FFB77C-1099-441A-9B1B-190ECFD0C2CA}.Debug|Any CPU.Build.0 = Debug|Any CPU
		{45FFB77C-1099-441A-9B1B-190ECFD0C2CA}.Debug|x64.ActiveCfg = Debug|Any CPU
		{45FFB77C-1099-441A-9B1B-190ECFD0C2CA}.Debug|x64.Build.0 = Debug|Any CPU
		{45FFB77C-1099-441A-9B1B-190ECFD0C2CA}.Debug|x86.ActiveCfg = Debug|Any CPU
		{45FFB77C-1099-441A-9B1B-190ECFD0C2CA}.Debug|x86.Build.0 = Debug|Any CPU
		{45FFB77C-1099-441A-9B1B-190ECFD0C2CA}.Release|Any CPU.ActiveCfg = Release|Any CPU
		{45FFB77C-1099-441A-9B1B-190ECFD0C2CA}.Release|Any CPU.Build.0 = Release|Any CPU
		{45FFB77C-1099-441A-9B1B-190ECFD0C2CA}.Release|x64.ActiveCfg = Release|Any CPU
		{45FFB77C-1099-441A-9B1B-190ECFD0C2CA}.Release|x64.Build.0 = Release|Any CPU
		{45FFB77C-1099-441A-9B1B-190ECFD0C2CA}.Release|x86.ActiveCfg = Release|Any CPU
		{45FFB77C-1099-441A-9B1B-190ECFD0C2CA}.Release|x86.Build.0 = Release|Any CPU
		{10B2CC59-59A4-447F-851D-9EFAB108BC31}.Debug|Any CPU.ActiveCfg = Debug|Any CPU
		{10B2CC59-59A4-447F-851D-9EFAB108BC31}.Debug|Any CPU.Build.0 = Debug|Any CPU
		{10B2CC59-59A4-447F-851D-9EFAB108BC31}.Debug|x64.ActiveCfg = Debug|Any CPU
		{10B2CC59-59A4-447F-851D-9EFAB108BC31}.Debug|x64.Build.0 = Debug|Any CPU
		{10B2CC59-59A4-447F-851D-9EFAB108BC31}.Debug|x86.ActiveCfg = Debug|Any CPU
		{10B2CC59-59A4-447F-851D-9EFAB108BC31}.Debug|x86.Build.0 = Debug|Any CPU
		{10B2CC59-59A4-447F-851D-9EFAB108BC31}.Release|Any CPU.ActiveCfg = Release|Any CPU
		{10B2CC59-59A4-447F-851D-9EFAB108BC31}.Release|Any CPU.Build.0 = Release|Any CPU
		{10B2CC59-59A4-447F-851D-9EFAB108BC31}.Release|x64.ActiveCfg = Release|Any CPU
		{10B2CC59-59A4-447F-851D-9EFAB108BC31}.Release|x64.Build.0 = Release|Any CPU
		{10B2CC59-59A4-447F-851D-9EFAB108BC31}.Release|x86.ActiveCfg = Release|Any CPU
		{10B2CC59-59A4-447F-851D-9EFAB108BC31}.Release|x86.Build.0 = Release|Any CPU
		{11D6FFED-2E22-4FEA-84E9-5B5D7C033C52}.Debug|Any CPU.ActiveCfg = Debug|Any CPU
		{11D6FFED-2E22-4FEA-84E9-5B5D7C033C52}.Debug|Any CPU.Build.0 = Debug|Any CPU
		{11D6FFED-2E22-4FEA-84E9-5B5D7C033C52}.Debug|x64.ActiveCfg = Debug|Any CPU
		{11D6FFED-2E22-4FEA-84E9-5B5D7C033C52}.Debug|x64.Build.0 = Debug|Any CPU
		{11D6FFED-2E22-4FEA-84E9-5B5D7C033C52}.Debug|x86.ActiveCfg = Debug|Any CPU
		{11D6FFED-2E22-4FEA-84E9-5B5D7C033C52}.Debug|x86.Build.0 = Debug|Any CPU
		{11D6FFED-2E22-4FEA-84E9-5B5D7C033C52}.Release|Any CPU.ActiveCfg = Release|Any CPU
		{11D6FFED-2E22-4FEA-84E9-5B5D7C033C52}.Release|Any CPU.Build.0 = Release|Any CPU
		{11D6FFED-2E22-4FEA-84E9-5B5D7C033C52}.Release|x64.ActiveCfg = Release|Any CPU
		{11D6FFED-2E22-4FEA-84E9-5B5D7C033C52}.Release|x64.Build.0 = Release|Any CPU
		{11D6FFED-2E22-4FEA-84E9-5B5D7C033C52}.Release|x86.ActiveCfg = Release|Any CPU
		{11D6FFED-2E22-4FEA-84E9-5B5D7C033C52}.Release|x86.Build.0 = Release|Any CPU
		{3FCA04B0-94BC-4FA0-B276-E3ED15F6F364}.Debug|Any CPU.ActiveCfg = Debug|Any CPU
		{3FCA04B0-94BC-4FA0-B276-E3ED15F6F364}.Debug|Any CPU.Build.0 = Debug|Any CPU
		{3FCA04B0-94BC-4FA0-B276-E3ED15F6F364}.Debug|x64.ActiveCfg = Debug|Any CPU
		{3FCA04B0-94BC-4FA0-B276-E3ED15F6F364}.Debug|x64.Build.0 = Debug|Any CPU
		{3FCA04B0-94BC-4FA0-B276-E3ED15F6F364}.Debug|x86.ActiveCfg = Debug|Any CPU
		{3FCA04B0-94BC-4FA0-B276-E3ED15F6F364}.Debug|x86.Build.0 = Debug|Any CPU
		{3FCA04B0-94BC-4FA0-B276-E3ED15F6F364}.Release|Any CPU.ActiveCfg = Release|Any CPU
		{3FCA04B0-94BC-4FA0-B276-E3ED15F6F364}.Release|Any CPU.Build.0 = Release|Any CPU
		{3FCA04B0-94BC-4FA0-B276-E3ED15F6F364}.Release|x64.ActiveCfg = Release|Any CPU
		{3FCA04B0-94BC-4FA0-B276-E3ED15F6F364}.Release|x64.Build.0 = Release|Any CPU
		{3FCA04B0-94BC-4FA0-B276-E3ED15F6F364}.Release|x86.ActiveCfg = Release|Any CPU
		{3FCA04B0-94BC-4FA0-B276-E3ED15F6F364}.Release|x86.Build.0 = Release|Any CPU
		{8AE264C6-D1C4-4E15-AF26-3476C499A09F}.Debug|Any CPU.ActiveCfg = Debug|Any CPU
		{8AE264C6-D1C4-4E15-AF26-3476C499A09F}.Debug|Any CPU.Build.0 = Debug|Any CPU
		{8AE264C6-D1C4-4E15-AF26-3476C499A09F}.Debug|x64.ActiveCfg = Debug|Any CPU
		{8AE264C6-D1C4-4E15-AF26-3476C499A09F}.Debug|x64.Build.0 = Debug|Any CPU
		{8AE264C6-D1C4-4E15-AF26-3476C499A09F}.Debug|x86.ActiveCfg = Debug|Any CPU
		{8AE264C6-D1C4-4E15-AF26-3476C499A09F}.Debug|x86.Build.0 = Debug|Any CPU
		{8AE264C6-D1C4-4E15-AF26-3476C499A09F}.Release|Any CPU.ActiveCfg = Release|Any CPU
		{8AE264C6-D1C4-4E15-AF26-3476C499A09F}.Release|Any CPU.Build.0 = Release|Any CPU
		{8AE264C6-D1C4-4E15-AF26-3476C499A09F}.Release|x64.ActiveCfg = Release|Any CPU
		{8AE264C6-D1C4-4E15-AF26-3476C499A09F}.Release|x64.Build.0 = Release|Any CPU
		{8AE264C6-D1C4-4E15-AF26-3476C499A09F}.Release|x86.ActiveCfg = Release|Any CPU
		{8AE264C6-D1C4-4E15-AF26-3476C499A09F}.Release|x86.Build.0 = Release|Any CPU
		{ED87D5FC-BB74-406A-A7D4-85B405DB26FB}.Debug|Any CPU.ActiveCfg = Debug|Any CPU
		{ED87D5FC-BB74-406A-A7D4-85B405DB26FB}.Debug|Any CPU.Build.0 = Debug|Any CPU
		{ED87D5FC-BB74-406A-A7D4-85B405DB26FB}.Debug|x64.ActiveCfg = Debug|Any CPU
		{ED87D5FC-BB74-406A-A7D4-85B405DB26FB}.Debug|x64.Build.0 = Debug|Any CPU
		{ED87D5FC-BB74-406A-A7D4-85B405DB26FB}.Debug|x86.ActiveCfg = Debug|Any CPU
		{ED87D5FC-BB74-406A-A7D4-85B405DB26FB}.Debug|x86.Build.0 = Debug|Any CPU
		{ED87D5FC-BB74-406A-A7D4-85B405DB26FB}.Release|Any CPU.ActiveCfg = Release|Any CPU
		{ED87D5FC-BB74-406A-A7D4-85B405DB26FB}.Release|Any CPU.Build.0 = Release|Any CPU
		{ED87D5FC-BB74-406A-A7D4-85B405DB26FB}.Release|x64.ActiveCfg = Release|Any CPU
		{ED87D5FC-BB74-406A-A7D4-85B405DB26FB}.Release|x86.ActiveCfg = Release|Any CPU
		{CDFE52E4-C91C-4A64-85E9-94FDFC4C86E4}.Debug|Any CPU.ActiveCfg = Debug|Any CPU
		{CDFE52E4-C91C-4A64-85E9-94FDFC4C86E4}.Debug|Any CPU.Build.0 = Debug|Any CPU
		{CDFE52E4-C91C-4A64-85E9-94FDFC4C86E4}.Debug|x64.ActiveCfg = Debug|Any CPU
		{CDFE52E4-C91C-4A64-85E9-94FDFC4C86E4}.Debug|x64.Build.0 = Debug|Any CPU
		{CDFE52E4-C91C-4A64-85E9-94FDFC4C86E4}.Debug|x86.ActiveCfg = Debug|Any CPU
		{CDFE52E4-C91C-4A64-85E9-94FDFC4C86E4}.Debug|x86.Build.0 = Debug|Any CPU
		{CDFE52E4-C91C-4A64-85E9-94FDFC4C86E4}.Release|Any CPU.ActiveCfg = Release|Any CPU
		{CDFE52E4-C91C-4A64-85E9-94FDFC4C86E4}.Release|Any CPU.Build.0 = Release|Any CPU
		{CDFE52E4-C91C-4A64-85E9-94FDFC4C86E4}.Release|x64.ActiveCfg = Release|Any CPU
		{CDFE52E4-C91C-4A64-85E9-94FDFC4C86E4}.Release|x64.Build.0 = Release|Any CPU
		{CDFE52E4-C91C-4A64-85E9-94FDFC4C86E4}.Release|x86.ActiveCfg = Release|Any CPU
		{CDFE52E4-C91C-4A64-85E9-94FDFC4C86E4}.Release|x86.Build.0 = Release|Any CPU
		{2B7B51BC-C10D-444D-B0D9-A0BE3B7E4101}.Debug|Any CPU.ActiveCfg = Debug|Any CPU
		{2B7B51BC-C10D-444D-B0D9-A0BE3B7E4101}.Debug|x64.ActiveCfg = Debug|Any CPU
		{2B7B51BC-C10D-444D-B0D9-A0BE3B7E4101}.Debug|x64.Build.0 = Debug|Any CPU
		{2B7B51BC-C10D-444D-B0D9-A0BE3B7E4101}.Debug|x86.ActiveCfg = Debug|Any CPU
		{2B7B51BC-C10D-444D-B0D9-A0BE3B7E4101}.Debug|x86.Build.0 = Debug|Any CPU
		{2B7B51BC-C10D-444D-B0D9-A0BE3B7E4101}.Release|Any CPU.ActiveCfg = Release|Any CPU
		{2B7B51BC-C10D-444D-B0D9-A0BE3B7E4101}.Release|Any CPU.Build.0 = Release|Any CPU
		{2B7B51BC-C10D-444D-B0D9-A0BE3B7E4101}.Release|x64.ActiveCfg = Release|Any CPU
		{2B7B51BC-C10D-444D-B0D9-A0BE3B7E4101}.Release|x86.ActiveCfg = Release|Any CPU
		{C00CA1F3-B410-4CF3-9027-91FD287BBE53}.Debug|Any CPU.ActiveCfg = Debug|x86
		{C00CA1F3-B410-4CF3-9027-91FD287BBE53}.Debug|x64.ActiveCfg = Debug|x64
		{C00CA1F3-B410-4CF3-9027-91FD287BBE53}.Debug|x64.Build.0 = Debug|x64
		{C00CA1F3-B410-4CF3-9027-91FD287BBE53}.Debug|x86.ActiveCfg = Debug|x86
		{C00CA1F3-B410-4CF3-9027-91FD287BBE53}.Debug|x86.Build.0 = Debug|x86
		{C00CA1F3-B410-4CF3-9027-91FD287BBE53}.Release|Any CPU.ActiveCfg = Release|x86
		{C00CA1F3-B410-4CF3-9027-91FD287BBE53}.Release|x64.ActiveCfg = Release|x64
		{C00CA1F3-B410-4CF3-9027-91FD287BBE53}.Release|x64.Build.0 = Release|x64
		{C00CA1F3-B410-4CF3-9027-91FD287BBE53}.Release|x86.ActiveCfg = Release|x86
		{C00CA1F3-B410-4CF3-9027-91FD287BBE53}.Release|x86.Build.0 = Release|x86
		{185D47FD-72F3-4CD8-B69F-74DA8EDF5EB6}.Debug|Any CPU.ActiveCfg = Debug|Any CPU
		{185D47FD-72F3-4CD8-B69F-74DA8EDF5EB6}.Debug|Any CPU.Build.0 = Debug|Any CPU
		{185D47FD-72F3-4CD8-B69F-74DA8EDF5EB6}.Debug|x64.ActiveCfg = Debug|Any CPU
		{185D47FD-72F3-4CD8-B69F-74DA8EDF5EB6}.Debug|x64.Build.0 = Debug|Any CPU
		{185D47FD-72F3-4CD8-B69F-74DA8EDF5EB6}.Debug|x86.ActiveCfg = Debug|Any CPU
		{185D47FD-72F3-4CD8-B69F-74DA8EDF5EB6}.Debug|x86.Build.0 = Debug|Any CPU
		{185D47FD-72F3-4CD8-B69F-74DA8EDF5EB6}.Release|Any CPU.ActiveCfg = Release|Any CPU
		{185D47FD-72F3-4CD8-B69F-74DA8EDF5EB6}.Release|Any CPU.Build.0 = Release|Any CPU
		{185D47FD-72F3-4CD8-B69F-74DA8EDF5EB6}.Release|x64.ActiveCfg = Release|Any CPU
		{185D47FD-72F3-4CD8-B69F-74DA8EDF5EB6}.Release|x64.Build.0 = Release|Any CPU
		{185D47FD-72F3-4CD8-B69F-74DA8EDF5EB6}.Release|x86.ActiveCfg = Release|Any CPU
		{185D47FD-72F3-4CD8-B69F-74DA8EDF5EB6}.Release|x86.Build.0 = Release|Any CPU
		{6A93045E-E5FB-4E49-BC4B-83276EFA2E2C}.Debug|Any CPU.ActiveCfg = Debug|Any CPU
		{6A93045E-E5FB-4E49-BC4B-83276EFA2E2C}.Debug|Any CPU.Build.0 = Debug|Any CPU
		{6A93045E-E5FB-4E49-BC4B-83276EFA2E2C}.Debug|x64.ActiveCfg = Debug|Any CPU
		{6A93045E-E5FB-4E49-BC4B-83276EFA2E2C}.Debug|x64.Build.0 = Debug|Any CPU
		{6A93045E-E5FB-4E49-BC4B-83276EFA2E2C}.Debug|x86.ActiveCfg = Debug|Any CPU
		{6A93045E-E5FB-4E49-BC4B-83276EFA2E2C}.Debug|x86.Build.0 = Debug|Any CPU
		{6A93045E-E5FB-4E49-BC4B-83276EFA2E2C}.Release|Any CPU.ActiveCfg = Release|Any CPU
		{6A93045E-E5FB-4E49-BC4B-83276EFA2E2C}.Release|Any CPU.Build.0 = Release|Any CPU
		{6A93045E-E5FB-4E49-BC4B-83276EFA2E2C}.Release|x64.ActiveCfg = Release|Any CPU
		{6A93045E-E5FB-4E49-BC4B-83276EFA2E2C}.Release|x64.Build.0 = Release|Any CPU
		{6A93045E-E5FB-4E49-BC4B-83276EFA2E2C}.Release|x86.ActiveCfg = Release|Any CPU
		{6A93045E-E5FB-4E49-BC4B-83276EFA2E2C}.Release|x86.Build.0 = Release|Any CPU
		{670E6F78-5E8D-4905-8C2A-91C359DF2AFB}.Debug|Any CPU.ActiveCfg = Debug|Any CPU
		{670E6F78-5E8D-4905-8C2A-91C359DF2AFB}.Debug|Any CPU.Build.0 = Debug|Any CPU
		{670E6F78-5E8D-4905-8C2A-91C359DF2AFB}.Debug|x64.ActiveCfg = Debug|Any CPU
		{670E6F78-5E8D-4905-8C2A-91C359DF2AFB}.Debug|x64.Build.0 = Debug|Any CPU
		{670E6F78-5E8D-4905-8C2A-91C359DF2AFB}.Debug|x86.ActiveCfg = Debug|Any CPU
		{670E6F78-5E8D-4905-8C2A-91C359DF2AFB}.Debug|x86.Build.0 = Debug|Any CPU
		{670E6F78-5E8D-4905-8C2A-91C359DF2AFB}.Release|Any CPU.ActiveCfg = Release|Any CPU
		{670E6F78-5E8D-4905-8C2A-91C359DF2AFB}.Release|Any CPU.Build.0 = Release|Any CPU
		{670E6F78-5E8D-4905-8C2A-91C359DF2AFB}.Release|x64.ActiveCfg = Release|Any CPU
		{670E6F78-5E8D-4905-8C2A-91C359DF2AFB}.Release|x64.Build.0 = Release|Any CPU
		{670E6F78-5E8D-4905-8C2A-91C359DF2AFB}.Release|x86.ActiveCfg = Release|Any CPU
		{670E6F78-5E8D-4905-8C2A-91C359DF2AFB}.Release|x86.Build.0 = Release|Any CPU
		{2F8CC832-BFD2-450D-95F4-95703E3AB225}.Debug|Any CPU.ActiveCfg = Debug|Any CPU
		{2F8CC832-BFD2-450D-95F4-95703E3AB225}.Debug|Any CPU.Build.0 = Debug|Any CPU
		{2F8CC832-BFD2-450D-95F4-95703E3AB225}.Debug|x64.ActiveCfg = Debug|Any CPU
		{2F8CC832-BFD2-450D-95F4-95703E3AB225}.Debug|x64.Build.0 = Debug|Any CPU
		{2F8CC832-BFD2-450D-95F4-95703E3AB225}.Debug|x86.ActiveCfg = Debug|Any CPU
		{2F8CC832-BFD2-450D-95F4-95703E3AB225}.Debug|x86.Build.0 = Debug|Any CPU
		{2F8CC832-BFD2-450D-95F4-95703E3AB225}.Release|Any CPU.ActiveCfg = Release|Any CPU
		{2F8CC832-BFD2-450D-95F4-95703E3AB225}.Release|Any CPU.Build.0 = Release|Any CPU
		{2F8CC832-BFD2-450D-95F4-95703E3AB225}.Release|x64.ActiveCfg = Release|Any CPU
		{2F8CC832-BFD2-450D-95F4-95703E3AB225}.Release|x64.Build.0 = Release|Any CPU
		{2F8CC832-BFD2-450D-95F4-95703E3AB225}.Release|x86.ActiveCfg = Release|Any CPU
		{2F8CC832-BFD2-450D-95F4-95703E3AB225}.Release|x86.Build.0 = Release|Any CPU
		{29973975-6693-423F-AFCC-FE2BC2578F58}.Debug|Any CPU.ActiveCfg = Debug|Any CPU
		{29973975-6693-423F-AFCC-FE2BC2578F58}.Debug|Any CPU.Build.0 = Debug|Any CPU
		{29973975-6693-423F-AFCC-FE2BC2578F58}.Debug|x64.ActiveCfg = Debug|Any CPU
		{29973975-6693-423F-AFCC-FE2BC2578F58}.Debug|x64.Build.0 = Debug|Any CPU
		{29973975-6693-423F-AFCC-FE2BC2578F58}.Debug|x86.ActiveCfg = Debug|Any CPU
		{29973975-6693-423F-AFCC-FE2BC2578F58}.Debug|x86.Build.0 = Debug|Any CPU
		{29973975-6693-423F-AFCC-FE2BC2578F58}.Release|Any CPU.ActiveCfg = Release|Any CPU
		{29973975-6693-423F-AFCC-FE2BC2578F58}.Release|Any CPU.Build.0 = Release|Any CPU
		{29973975-6693-423F-AFCC-FE2BC2578F58}.Release|x64.ActiveCfg = Release|Any CPU
		{29973975-6693-423F-AFCC-FE2BC2578F58}.Release|x64.Build.0 = Release|Any CPU
		{29973975-6693-423F-AFCC-FE2BC2578F58}.Release|x86.ActiveCfg = Release|Any CPU
		{29973975-6693-423F-AFCC-FE2BC2578F58}.Release|x86.Build.0 = Release|Any CPU
		{874B2034-8BC5-4364-8249-1D0FF0AB6E91}.Debug|Any CPU.ActiveCfg = Debug|Any CPU
		{874B2034-8BC5-4364-8249-1D0FF0AB6E91}.Debug|Any CPU.Build.0 = Debug|Any CPU
		{874B2034-8BC5-4364-8249-1D0FF0AB6E91}.Debug|x64.ActiveCfg = Debug|Any CPU
		{874B2034-8BC5-4364-8249-1D0FF0AB6E91}.Debug|x64.Build.0 = Debug|Any CPU
		{874B2034-8BC5-4364-8249-1D0FF0AB6E91}.Debug|x86.ActiveCfg = Debug|Any CPU
		{874B2034-8BC5-4364-8249-1D0FF0AB6E91}.Debug|x86.Build.0 = Debug|Any CPU
		{874B2034-8BC5-4364-8249-1D0FF0AB6E91}.Release|Any CPU.ActiveCfg = Release|Any CPU
		{874B2034-8BC5-4364-8249-1D0FF0AB6E91}.Release|Any CPU.Build.0 = Release|Any CPU
		{874B2034-8BC5-4364-8249-1D0FF0AB6E91}.Release|x64.ActiveCfg = Release|Any CPU
		{874B2034-8BC5-4364-8249-1D0FF0AB6E91}.Release|x64.Build.0 = Release|Any CPU
		{874B2034-8BC5-4364-8249-1D0FF0AB6E91}.Release|x86.ActiveCfg = Release|Any CPU
		{874B2034-8BC5-4364-8249-1D0FF0AB6E91}.Release|x86.Build.0 = Release|Any CPU
		{D4B8963C-D5B1-42CC-B6D3-0FA0C790B17B}.Debug|Any CPU.ActiveCfg = Debug|Any CPU
		{D4B8963C-D5B1-42CC-B6D3-0FA0C790B17B}.Debug|Any CPU.Build.0 = Debug|Any CPU
		{D4B8963C-D5B1-42CC-B6D3-0FA0C790B17B}.Debug|x64.ActiveCfg = Debug|Any CPU
		{D4B8963C-D5B1-42CC-B6D3-0FA0C790B17B}.Debug|x64.Build.0 = Debug|Any CPU
		{D4B8963C-D5B1-42CC-B6D3-0FA0C790B17B}.Debug|x86.ActiveCfg = Debug|Any CPU
		{D4B8963C-D5B1-42CC-B6D3-0FA0C790B17B}.Debug|x86.Build.0 = Debug|Any CPU
		{D4B8963C-D5B1-42CC-B6D3-0FA0C790B17B}.Release|Any CPU.ActiveCfg = Release|Any CPU
		{D4B8963C-D5B1-42CC-B6D3-0FA0C790B17B}.Release|Any CPU.Build.0 = Release|Any CPU
		{D4B8963C-D5B1-42CC-B6D3-0FA0C790B17B}.Release|x64.ActiveCfg = Release|Any CPU
		{D4B8963C-D5B1-42CC-B6D3-0FA0C790B17B}.Release|x64.Build.0 = Release|Any CPU
		{D4B8963C-D5B1-42CC-B6D3-0FA0C790B17B}.Release|x86.ActiveCfg = Release|Any CPU
		{D4B8963C-D5B1-42CC-B6D3-0FA0C790B17B}.Release|x86.Build.0 = Release|Any CPU
		{BE8EFC1F-8D09-4CBF-AB79-A47C0019C8D1}.Debug|Any CPU.ActiveCfg = Debug|Any CPU
		{BE8EFC1F-8D09-4CBF-AB79-A47C0019C8D1}.Debug|Any CPU.Build.0 = Debug|Any CPU
		{BE8EFC1F-8D09-4CBF-AB79-A47C0019C8D1}.Debug|x64.ActiveCfg = Debug|Any CPU
		{BE8EFC1F-8D09-4CBF-AB79-A47C0019C8D1}.Debug|x64.Build.0 = Debug|Any CPU
		{BE8EFC1F-8D09-4CBF-AB79-A47C0019C8D1}.Debug|x86.ActiveCfg = Debug|Any CPU
		{BE8EFC1F-8D09-4CBF-AB79-A47C0019C8D1}.Debug|x86.Build.0 = Debug|Any CPU
		{BE8EFC1F-8D09-4CBF-AB79-A47C0019C8D1}.Release|Any CPU.ActiveCfg = Release|Any CPU
		{BE8EFC1F-8D09-4CBF-AB79-A47C0019C8D1}.Release|Any CPU.Build.0 = Release|Any CPU
		{BE8EFC1F-8D09-4CBF-AB79-A47C0019C8D1}.Release|x64.ActiveCfg = Release|Any CPU
		{BE8EFC1F-8D09-4CBF-AB79-A47C0019C8D1}.Release|x64.Build.0 = Release|Any CPU
		{BE8EFC1F-8D09-4CBF-AB79-A47C0019C8D1}.Release|x86.ActiveCfg = Release|Any CPU
		{BE8EFC1F-8D09-4CBF-AB79-A47C0019C8D1}.Release|x86.Build.0 = Release|Any CPU
	EndGlobalSection
	GlobalSection(SolutionProperties) = preSolution
		HideSolutionNode = FALSE
	EndGlobalSection
	GlobalSection(NestedProjects) = preSolution
		{2B7B51BC-C10D-444D-B0D9-A0BE3B7E4101} = {9ABB4CA8-BB7E-4B55-A0AB-2405EAB3CE33}
	EndGlobalSection
	GlobalSection(ExtensibilityGlobals) = postSolution
		SolutionGuid = {635219E2-D5F0-4913-AC2D-29FCB58AC5A5}
	EndGlobalSection
EndGlobal
