
Microsoft Visual Studio Solution File, Format Version 12.00
# TcXaeShell Solution File, Format Version 11.00
VisualStudioVersion = 15.0.28307.902
MinimumVisualStudioVersion = 10.0.40219.1
Project("{B1E792BE-AA5F-4E3C-8C82-674BF9C0715B}") = "log4tc", "log4tc\log4tc.tsproj", "{ADF155C1-099B-4386-BD36-DC7AED699701}"
EndProject
Project("{2150E333-8FDC-42A3-9474-1A3956D46DE8}") = "Docs", "Docs", "{028DF23E-2068-4647-8AD1-38F3A9BC8F89}"
	ProjectSection(SolutionItems) = preProject
		..\..\..\docs\Changelog.md = ..\..\..\docs\Changelog.md
	EndProjectSection
EndProject
Global
	GlobalSection(SolutionConfigurationPlatforms) = preSolution
		Debug|TwinCAT CE7 (ARMV7) = Debug|TwinCAT CE7 (ARMV7)
		Debug|TwinCAT OS (ARMT2) = Debug|TwinCAT OS (ARMT2)
		Debug|TwinCAT OS (x64) = Debug|TwinCAT OS (x64)
		Debug|TwinCAT RT (x64) = Debug|TwinCAT RT (x64)
		Debug|TwinCAT RT (x86) = Debug|TwinCAT RT (x86)
		Release|TwinCAT CE7 (ARMV7) = Release|TwinCAT CE7 (ARMV7)
		Release|TwinCAT OS (ARMT2) = Release|TwinCAT OS (ARMT2)
		Release|TwinCAT OS (x64) = Release|TwinCAT OS (x64)
		Release|TwinCAT RT (x64) = Release|TwinCAT RT (x64)
		Release|TwinCAT RT (x86) = Release|TwinCAT RT (x86)
	EndGlobalSection
	GlobalSection(ProjectConfigurationPlatforms) = postSolution
		{ADF155C1-099B-4386-BD36-DC7AED699701}.Debug|TwinCAT CE7 (ARMV7).ActiveCfg = Debug|TwinCAT CE7 (ARMV7)
		{ADF155C1-099B-4386-BD36-DC7AED699701}.Debug|TwinCAT CE7 (ARMV7).Build.0 = Debug|TwinCAT CE7 (ARMV7)
		{ADF155C1-099B-4386-BD36-DC7AED699701}.Debug|TwinCAT OS (ARMT2).ActiveCfg = Debug|TwinCAT OS (ARMV8-A)
		{ADF155C1-099B-4386-BD36-DC7AED699701}.Debug|TwinCAT OS (x64).ActiveCfg = Debug|TwinCAT OS (x64)
		{ADF155C1-099B-4386-BD36-DC7AED699701}.Debug|TwinCAT OS (x64).Build.0 = Debug|TwinCAT OS (x64)
		{ADF155C1-099B-4386-BD36-DC7AED699701}.Debug|TwinCAT RT (x64).ActiveCfg = Debug|TwinCAT RT (x64)
		{ADF155C1-099B-4386-BD36-DC7AED699701}.Debug|TwinCAT RT (x64).Build.0 = Debug|TwinCAT RT (x64)
		{ADF155C1-099B-4386-BD36-DC7AED699701}.Debug|TwinCAT RT (x86).ActiveCfg = Debug|TwinCAT RT (x86)
		{ADF155C1-099B-4386-BD36-DC7AED699701}.Debug|TwinCAT RT (x86).Build.0 = Debug|TwinCAT RT (x86)
		{ADF155C1-099B-4386-BD36-DC7AED699701}.Release|TwinCAT CE7 (ARMV7).ActiveCfg = Release|TwinCAT CE7 (ARMV7)
		{ADF155C1-099B-4386-BD36-DC7AED699701}.Release|TwinCAT CE7 (ARMV7).Build.0 = Release|TwinCAT CE7 (ARMV7)
		{ADF155C1-099B-4386-BD36-DC7AED699701}.Release|TwinCAT OS (ARMT2).ActiveCfg = Release|TwinCAT OS (ARMV8-A)
		{ADF155C1-099B-4386-BD36-DC7AED699701}.Release|TwinCAT OS (x64).ActiveCfg = Release|TwinCAT OS (x64)
		{ADF155C1-099B-4386-BD36-DC7AED699701}.Release|TwinCAT OS (x64).Build.0 = Release|TwinCAT OS (x64)
		{ADF155C1-099B-4386-BD36-DC7AED699701}.Release|TwinCAT RT (x64).ActiveCfg = Release|TwinCAT RT (x64)
		{ADF155C1-099B-4386-BD36-DC7AED699701}.Release|TwinCAT RT (x64).Build.0 = Release|TwinCAT RT (x64)
		{ADF155C1-099B-4386-BD36-DC7AED699701}.Release|TwinCAT RT (x86).ActiveCfg = Release|TwinCAT RT (x86)
		{ADF155C1-099B-4386-BD36-DC7AED699701}.Release|TwinCAT RT (x86).Build.0 = Release|TwinCAT RT (x86)
		{04FDCB5E-8373-4851-A688-CBAB70CD7D8E}.Debug|TwinCAT CE7 (ARMV7).ActiveCfg = Debug|TwinCAT CE7 (ARMV7)
		{04FDCB5E-8373-4851-A688-CBAB70CD7D8E}.Debug|TwinCAT CE7 (ARMV7).Build.0 = Debug|TwinCAT CE7 (ARMV7)
		{04FDCB5E-8373-4851-A688-CBAB70CD7D8E}.Debug|TwinCAT OS (ARMT2).ActiveCfg = Debug|TwinCAT OS (ARMV8-A)
		{04FDCB5E-8373-4851-A688-CBAB70CD7D8E}.Debug|TwinCAT OS (x64).ActiveCfg = Debug|TwinCAT OS (x64)
		{04FDCB5E-8373-4851-A688-CBAB70CD7D8E}.Debug|TwinCAT OS (x64).Build.0 = Debug|TwinCAT OS (x64)
		{04FDCB5E-8373-4851-A688-CBAB70CD7D8E}.Debug|TwinCAT RT (x64).ActiveCfg = Debug|TwinCAT RT (x64)
		{04FDCB5E-8373-4851-A688-CBAB70CD7D8E}.Debug|TwinCAT RT (x64).Build.0 = Debug|TwinCAT RT (x64)
		{04FDCB5E-8373-4851-A688-CBAB70CD7D8E}.Debug|TwinCAT RT (x86).ActiveCfg = Debug|TwinCAT RT (x86)
		{04FDCB5E-8373-4851-A688-CBAB70CD7D8E}.Debug|TwinCAT RT (x86).Build.0 = Debug|TwinCAT RT (x86)
		{04FDCB5E-8373-4851-A688-CBAB70CD7D8E}.Release|TwinCAT CE7 (ARMV7).ActiveCfg = Release|TwinCAT CE7 (ARMV7)
		{04FDCB5E-8373-4851-A688-CBAB70CD7D8E}.Release|TwinCAT CE7 (ARMV7).Build.0 = Release|TwinCAT CE7 (ARMV7)
		{04FDCB5E-8373-4851-A688-CBAB70CD7D8E}.Release|TwinCAT OS (ARMT2).ActiveCfg = Release|TwinCAT OS (ARMV8-A)
		{04FDCB5E-8373-4851-A688-CBAB70CD7D8E}.Release|TwinCAT OS (x64).ActiveCfg = Release|TwinCAT OS (x64)
		{04FDCB5E-8373-4851-A688-CBAB70CD7D8E}.Release|TwinCAT OS (x64).Build.0 = Release|TwinCAT OS (x64)
		{04FDCB5E-8373-4851-A688-CBAB70CD7D8E}.Release|TwinCAT RT (x64).ActiveCfg = Release|TwinCAT RT (x64)
		{04FDCB5E-8373-4851-A688-CBAB70CD7D8E}.Release|TwinCAT RT (x64).Build.0 = Release|TwinCAT RT (x64)
		{04FDCB5E-8373-4851-A688-CBAB70CD7D8E}.Release|TwinCAT RT (x86).ActiveCfg = Release|TwinCAT RT (x86)
		{04FDCB5E-8373-4851-A688-CBAB70CD7D8E}.Release|TwinCAT RT (x86).Build.0 = Release|TwinCAT RT (x86)
		{BE380BFA-BE18-45AC-98AA-FF1ACCC650C5}.Debug|TwinCAT CE7 (ARMV7).ActiveCfg = Debug|TwinCAT CE7 (ARMV7)
		{BE380BFA-BE18-45AC-98AA-FF1ACCC650C5}.Debug|TwinCAT CE7 (ARMV7).Build.0 = Debug|TwinCAT CE7 (ARMV7)
		{BE380BFA-BE18-45AC-98AA-FF1ACCC650C5}.Debug|TwinCAT OS (ARMT2).ActiveCfg = Debug|TwinCAT OS (ARMV8-A)
		{BE380BFA-BE18-45AC-98AA-FF1ACCC650C5}.Debug|TwinCAT OS (x64).ActiveCfg = Debug|TwinCAT OS (x64)
		{BE380BFA-BE18-45AC-98AA-FF1ACCC650C5}.Debug|TwinCAT OS (x64).Build.0 = Debug|TwinCAT OS (x64)
		{BE380BFA-BE18-45AC-98AA-FF1ACCC650C5}.Debug|TwinCAT RT (x64).ActiveCfg = Debug|TwinCAT RT (x64)
		{BE380BFA-BE18-45AC-98AA-FF1ACCC650C5}.Debug|TwinCAT RT (x64).Build.0 = Debug|TwinCAT RT (x64)
		{BE380BFA-BE18-45AC-98AA-FF1ACCC650C5}.Debug|TwinCAT RT (x86).ActiveCfg = Debug|TwinCAT RT (x86)
		{BE380BFA-BE18-45AC-98AA-FF1ACCC650C5}.Debug|TwinCAT RT (x86).Build.0 = Debug|TwinCAT RT (x86)
		{BE380BFA-BE18-45AC-98AA-FF1ACCC650C5}.Release|TwinCAT CE7 (ARMV7).ActiveCfg = Release|TwinCAT CE7 (ARMV7)
		{BE380BFA-BE18-45AC-98AA-FF1ACCC650C5}.Release|TwinCAT CE7 (ARMV7).Build.0 = Release|TwinCAT CE7 (ARMV7)
		{BE380BFA-BE18-45AC-98AA-FF1ACCC650C5}.Release|TwinCAT OS (ARMT2).ActiveCfg = Release|TwinCAT OS (ARMV8-A)
		{BE380BFA-BE18-45AC-98AA-FF1ACCC650C5}.Release|TwinCAT OS (x64).ActiveCfg = Release|TwinCAT OS (x64)
		{BE380BFA-BE18-45AC-98AA-FF1ACCC650C5}.Release|TwinCAT OS (x64).Build.0 = Release|TwinCAT OS (x64)
		{BE380BFA-BE18-45AC-98AA-FF1ACCC650C5}.Release|TwinCAT RT (x64).ActiveCfg = Release|TwinCAT RT (x64)
		{BE380BFA-BE18-45AC-98AA-FF1ACCC650C5}.Release|TwinCAT RT (x64).Build.0 = Release|TwinCAT RT (x64)
		{BE380BFA-BE18-45AC-98AA-FF1ACCC650C5}.Release|TwinCAT RT (x86).ActiveCfg = Release|TwinCAT RT (x86)
		{BE380BFA-BE18-45AC-98AA-FF1ACCC650C5}.Release|TwinCAT RT (x86).Build.0 = Release|TwinCAT RT (x86)
		{4EF4C9B2-959C-4C5D-9C52-4801DB7F5356}.Debug|TwinCAT CE7 (ARMV7).ActiveCfg = Debug|TwinCAT CE7 (ARMV7)
		{4EF4C9B2-959C-4C5D-9C52-4801DB7F5356}.Debug|TwinCAT CE7 (ARMV7).Build.0 = Debug|TwinCAT CE7 (ARMV7)
		{4EF4C9B2-959C-4C5D-9C52-4801DB7F5356}.Debug|TwinCAT OS (ARMT2).ActiveCfg = Debug|TwinCAT OS (ARMV8-A)
		{4EF4C9B2-959C-4C5D-9C52-4801DB7F5356}.Debug|TwinCAT OS (x64).ActiveCfg = Debug|TwinCAT OS (x64)
		{4EF4C9B2-959C-4C5D-9C52-4801DB7F5356}.Debug|TwinCAT OS (x64).Build.0 = Debug|TwinCAT OS (x64)
		{4EF4C9B2-959C-4C5D-9C52-4801DB7F5356}.Debug|TwinCAT RT (x64).ActiveCfg = Debug|TwinCAT RT (x64)
		{4EF4C9B2-959C-4C5D-9C52-4801DB7F5356}.Debug|TwinCAT RT (x64).Build.0 = Debug|TwinCAT RT (x64)
		{4EF4C9B2-959C-4C5D-9C52-4801DB7F5356}.Debug|TwinCAT RT (x86).ActiveCfg = Debug|TwinCAT RT (x86)
		{4EF4C9B2-959C-4C5D-9C52-4801DB7F5356}.Debug|TwinCAT RT (x86).Build.0 = Debug|TwinCAT RT (x86)
		{4EF4C9B2-959C-4C5D-9C52-4801DB7F5356}.Release|TwinCAT CE7 (ARMV7).ActiveCfg = Release|TwinCAT CE7 (ARMV7)
		{4EF4C9B2-959C-4C5D-9C52-4801DB7F5356}.Release|TwinCAT CE7 (ARMV7).Build.0 = Release|TwinCAT CE7 (ARMV7)
		{4EF4C9B2-959C-4C5D-9C52-4801DB7F5356}.Release|TwinCAT OS (ARMT2).ActiveCfg = Release|TwinCAT OS (ARMV8-A)
		{4EF4C9B2-959C-4C5D-9C52-4801DB7F5356}.Release|TwinCAT OS (x64).ActiveCfg = Release|TwinCAT OS (x64)
		{4EF4C9B2-959C-4C5D-9C52-4801DB7F5356}.Release|TwinCAT OS (x64).Build.0 = Release|TwinCAT OS (x64)
		{4EF4C9B2-959C-4C5D-9C52-4801DB7F5356}.Release|TwinCAT RT (x64).ActiveCfg = Release|TwinCAT RT (x64)
		{4EF4C9B2-959C-4C5D-9C52-4801DB7F5356}.Release|TwinCAT RT (x64).Build.0 = Release|TwinCAT RT (x64)
		{4EF4C9B2-959C-4C5D-9C52-4801DB7F5356}.Release|TwinCAT RT (x86).ActiveCfg = Release|TwinCAT RT (x86)
		{4EF4C9B2-959C-4C5D-9C52-4801DB7F5356}.Release|TwinCAT RT (x86).Build.0 = Release|TwinCAT RT (x86)
	EndGlobalSection
	GlobalSection(SolutionProperties) = preSolution
		HideSolutionNode = FALSE
	EndGlobalSection
	GlobalSection(ExtensibilityGlobals) = postSolution
		SolutionGuid = {E0C467F5-1DFE-457B-B644-1939A10F323B}
	EndGlobalSection
EndGlobal
